
Microsoft Visual Studio Solution File, Format Version 12.00
# Visual Studio 15
VisualStudioVersion = 15.0.35714.111
MinimumVisualStudioVersion = 10.0.40219.1
Project("{E24C65DC-7377-472B-9ABA-BC803B73C61A}") = "subAndfunction", "subAndfunction\", "{92866A21-3CB8-4BF6-8CEF-D68F022A1AF0}"
	ProjectSection(WebsiteProperties) = preProject
		TargetFrameworkMoniker = ".NETFramework,Version%3Dv4.6.1"
		Debug.AspNetCompiler.VirtualPath = "/localhost_4935"
		Debug.AspNetCompiler.PhysicalPath = "subAndfunction\"
		Debug.AspNetCompiler.TargetPath = "PrecompiledWeb\localhost_4935\"
		Debug.AspNetCompiler.Updateable = "true"
		Debug.AspNetCompiler.ForceOverwrite = "true"
		Debug.AspNetCompiler.FixedNames = "false"
		Debug.AspNetCompiler.Debug = "True"
		Release.AspNetCompiler.VirtualPath = "/localhost_4935"
		Release.AspNetCompiler.PhysicalPath = "subAndfunction\"
		Release.AspNetCompiler.TargetPath = "PrecompiledWeb\localhost_4935\"
		Release.AspNetCompiler.Updateable = "true"
		Release.AspNetCompiler.ForceOverwrite = "true"
		Release.AspNetCompiler.FixedNames = "false"
		Release.AspNetCompiler.Debug = "False"
		VWDPort = "4935"
		SlnRelativePath = "subAndfunction\"
		DefaultWebSiteLanguage = "Visual Basic"
	EndProjectSection
EndProject
Global
	GlobalSection(SolutionConfigurationPlatforms) = preSolution
		Debug|Any CPU = Debug|Any CPU
	EndGlobalSection
	GlobalSection(ProjectConfigurationPlatforms) = postSolution
		{92866A21-3CB8-4BF6-8CEF-D68F022A1AF0}.Debug|Any CPU.ActiveCfg = Debug|Any CPU
		{92866A21-3CB8-4BF6-8CEF-D68F022A1AF0}.Debug|Any CPU.Build.0 = Debug|Any CPU
	EndGlobalSection
	GlobalSection(SolutionProperties) = preSolution
		HideSolutionNode = FALSE
	EndGlobalSection
	GlobalSection(ExtensibilityGlobals) = postSolution
		SolutionGuid = {E04487D3-9138-42AF-A824-73EDF4E55E0E}
	EndGlobalSection
EndGlobal
